// !$*UTF8*$!
{
	archiveVersion = 1;
	classes = {
	};
	objectVersion = 46;
	objects = {

/* Begin PBXBuildFile section */
		96CAF9B11C6E4D0400687C38 /* main.c in Sources */ = {isa = PBXBuildFile; fileRef = 96CAF9B01C6E4D0400687C38 /* main.c */; };
/* End PBXBuildFile section */

/* Begin PBXCopyFilesBuildPhase section */
		96CAF9AB1C6E4D0400687C38 /* CopyFiles */ = {
			isa = PBXCopyFilesBuildPhase;
			buildActionMask = 2147483647;
			dstPath = /usr/share/man/man1/;
			dstSubfolderSpec = 0;
			files = (
			);
			runOnlyForDeploymentPostprocessing = 1;
		};
/* End PBXCopyFilesBuildPhase section */

/* Begin PBXFileReference section */
		96CAF9AD1C6E4D0400687C38 /* 04_08 */ = {isa = PBXFileReference; explicitFileType = "compiled.mach-o.executable"; includeInIndex = 0; path = 04_08; sourceTree = BUILT_PRODUCTS_DIR; };
		96CAF9B01C6E4D0400687C38 /* main.c */ = {isa = PBXFileReference; lastKnownFileType = sourcecode.c.c; path = main.c; sourceTree = "<group>"; };
		96CAF9B71C6E4D4B00687C38 /* includeA.h */ = {isa = PBXFileReference; lastKnownFileType = sourcecode.c.h; path = includeA.h; sourceTree = "<group>"; };
		96CAF9B81C6E4D4B00687C38 /* includeB.h */ = {isa = PBXFileReference; lastKnownFileType = sourcecode.c.h; path = includeB.h; sourceTree = "<group>"; };
/* End PBXFileReference section */

/* Begin PBXFrameworksBuildPhase section */
		96CAF9AA1C6E4D0400687C38 /* Frameworks */ = {
			isa = PBXFrameworksBuildPhase;
			buildActionMask = 2147483647;
			files = (
			);
			runOnlyForDeploymentPostprocessing = 0;
		};
/* End PBXFrameworksBuildPhase section */

/* Begin PBXGroup section */
		96CAF9A41C6E4D0400687C38 = {
			isa = PBXGroup;
			children = (
				96CAF9AF1C6E4D0400687C38 /* 04_08 */,
				96CAF9AE1C6E4D0400687C38 /* Products */,
			);
			sourceTree = "<group>";
		};
		96CAF9AE1C6E4D0400687C38 /* Products */ = {
			isa = PBXGroup;
			children = (
				96CAF9AD1C6E4D0400687C38 /* 04_08 */,
			);
			name = Products;
			sourceTree = "<group>";
		};
		96CAF9AF1C6E4D0400687C38 /* 04_08 */ = {
			isa = PBXGroup;
			children = (
				96CAF9B01C6E4D0400687C38 /* main.c */,
				96CAF9B71C6E4D4B00687C38 /* includeA.h */,
				96CAF9B81C6E4D4B00687C38 /* includeB.h */,
			);
			path = 04_08;
			sourceTree = "<group>";
		};
/* End PBXGroup section */

/* Begin PBXNativeTarget section */
		96CAF9AC1C6E4D0400687C38 /* 04_08 */ = {
			isa = PBXNativeTarget;
			buildConfigurationList = 96CAF9B41C6E4D0400687C38 /* Build configuration list for PBXNativeTarget "04_08" */;
			buildPhases = (
				96CAF9A91C6E4D0400687C38 /* Sources */,
				96CAF9AA1C6E4D0400687C38 /* Frameworks */,
				96CAF9AB1C6E4D0400687C38 /* CopyFiles */,
			);
			buildRules = (
			);
			dependencies = (
			);
			name = 04_08;
			productName = 04_08;
			productReference = 96CAF9AD1C6E4D0400687C38 /* 04_08 */;
			productType = "com.apple.product-type.tool";
		};
/* End PBXNativeTarget section */

/* Begin PBXProject section */
		96CAF9A51C6E4D0400687C38 /* Project object */ = {
			isa = PBXProject;
			attributes = {
				LastUpgradeCheck = 0720;
				ORGANIZATIONNAME = "Jim Veneskey";
				TargetAttributes = {
					96CAF9AC1C6E4D0400687C38 = {
						CreatedOnToolsVersion = 7.2.1;
					};
				};
			};
			buildConfigurationList = 96CAF9A81C6E4D0400687C38 /* Build configuration list for PBXProject "04_08" */;
			compatibilityVersion = "Xcode 3.2";
			developmentRegion = English;
			hasScannedForEncodings = 0;
			knownRegions = (
				en,
			);
			mainGroup = 96CAF9A41C6E4D0400687C38;
			productRefGroup = 96CAF9AE1C6E4D0400687C38 /* Products */;
			projectDirPath = "";
			projectRoot = "";
			targets = (
				96CAF9AC1C6E4D0400687C38 /* 04_08 */,
			);
		};
/* End PBXProject section */

/* Begin PBXSourcesBuildPhase section */
		96CAF9A91C6E4D0400687C38 /* Sources */ = {
			isa = PBXSourcesBuildPhase;
			buildActionMask = 2147483647;
			files = (
				96CAF9B11C6E4D0400687C38 /* main.c in Sources */,
			);
			runOnlyForDeploymentPostprocessing = 0;
		};
/* End PBXSourcesBuildPhase section */

/* Begin XCBuildConfiguration section */
		96CAF9B21C6E4D0400687C38 /* Debug */ = {
			isa = XCBuildConfiguration;
			buildSettings = {
				ALWAYS_SEARCH_USER_PATHS = NO;
				CLANG_CXX_LANGUAGE_STANDARD = "gnu++0x";
				CLANG_CXX_LIBRARY = "libc++";
				CLANG_ENABLE_MODULES = YES;
				CLANG_ENABLE_OBJC_ARC = YES;
				CLANG_WARN_BOOL_CONVERSION = YES;
				CLANG_WARN_CONSTANT_CONVERSION = YES;
				CLANG_WARN_DIRECT_OBJC_ISA_USAGE = YES_ERROR;
				CLANG_WARN_EMPTY_BODY = YES;
				CLANG_WARN_ENUM_CONVERSION = YES;
				CLANG_WARN_INT_CONVERSION = YES;
				CLANG_WARN_OBJC_ROOT_CLASS = YES_ERROR;
				CLANG_WARN_UNREACHABLE_CODE = YES;
				CLANG_WARN__DUPLICATE_METHOD_MATCH = YES;
				CODE_SIGN_IDENTITY = "-";
				COPY_PHASE_STRIP = NO;
				DEBUG_INFORMATION_FORMAT = dwarf;
				ENABLE_STRICT_OBJC_MSGSEND = YES;
				ENABLE_TESTABILITY = YES;
				GCC_C_LANGUAGE_STANDARD = gnu99;
				GCC_DYNAMIC_NO_PIC = NO;
				GCC_NO_COMMON_BLOCKS = YES;
				GCC_OPTIMIZATION_LEVEL = 0;
				GCC_PREPROCESSOR_DEFINITIONS = (
					"DEBUG=1",
					"$(inherited)",
				);
				GCC_WARN_64_TO_32_BIT_CONVERSION = YES;
				GCC_WARN_ABOUT_RETURN_TYPE = YES_ERROR;
				GCC_WARN_UNDECLARED_SELECTOR = YES;
				GCC_WARN_UNINITIALIZED_AUTOS = YES_AGGRESSIVE;
				GCC_WARN_UNUSED_FUNCTION = YES;
				GCC_WARN_UNUSED_VARIABLE = YES;
				MACOSX_DEPLOYMENT_TARGET = 10.11;
				MTL_ENABLE_DEBUG_INFO = YES;
				ONLY_ACTIVE_ARCH = YES;
				SDKROOT = macosx;
			};
			name = Debug;
		};
		96CAF9B31C6E4D0400687C38 /* Release */ = {
			isa = XCBuildConfiguration;
			buildSettings = {
				ALWAYS_SEARCH_USER_PATHS = NO;
				CLANG_CXX_LANGUAGE_STANDARD = "gnu++0x";
				CLANG_CXX_LIBRARY = "libc++";
				CLANG_ENABLE_MODULES = YES;
				CLANG_ENABLE_OBJC_ARC = YES;
				CLANG_WARN_BOOL_CONVERSION = YES;
				CLANG_WARN_CONSTANT_CONVERSION = YES;
				CLANG_WARN_DIRECT_OBJC_ISA_USAGE = YES_ERROR;
				CLANG_WARN_EMPTY_BODY = YES;
				CLANG_WARN_ENUM_CONVERSION = YES;
				CLANG_WARN_INT_CONVERSION = YES;
				CLANG_WARN_OBJC_ROOT_CLASS = YES_ERROR;
				CLANG_WARN_UNREACHABLE_CODE = YES;
				CLANG_WARN__DUPLICATE_METHOD_MATCH = YES;
				CODE_SIGN_IDENTITY = "-";
				COPY_PHASE_STRIP = NO;
				DEBUG_INFORMATION_FORMAT = "dwarf-with-dsym";
				ENABLE_NS_ASSERTIONS = NO;
				ENABLE_STRICT_OBJC_MSGSEND = YES;
				GCC_C_LANGUAGE_STANDARD = gnu99;
				GCC_NO_COMMON_BLOCKS = YES;
				GCC_WARN_64_TO_32_BIT_CONVERSION = YES;
				GCC_WARN_ABOUT_RETURN_TYPE = YES_ERROR;
				GCC_WARN_UNDECLARED_SELECTOR = YES;
				GCC_WARN_UNINITIALIZED_AUTOS = YES_AGGRESSIVE;
				GCC_WARN_UNUSED_FUNCTION = YES;
				GCC_WARN_UNUSED_VARIABLE = YES;
				MACOSX_DEPLOYMENT_TARGET = 10.11;
				MTL_ENABLE_DEBUG_INFO = NO;
				SDKROOT = macosx;
			};
			name = Release;
		};
		96CAF9B51C6E4D0400687C38 /* Debug */ = {
			isa = XCBuildConfiguration;
			buildSettings = {
				PRODUCT_NAME = "$(TARGET_NAME)";
			};
			name = Debug;
		};
		96CAF9B61C6E4D0400687C38 /* Release */ = {
			isa = XCBuildConfiguration;
			buildSettings = {
				PRODUCT_NAME = "$(TARGET_NAME)";
			};
			name = Release;
		};
/* End XCBuildConfiguration section */

/* Begin XCConfigurationList section */
		96CAF9A81C6E4D0400687C38 /* Build configuration list for PBXProject "04_08" */ = {
			isa = XCConfigurationList;
			buildConfigurations = (
				96CAF9B21C6E4D0400687C38 /* Debug */,
				96CAF9B31C6E4D0400687C38 /* Release */,
			);
			defaultConfigurationIsVisible = 0;
			defaultConfigurationName = Release;
		};
		96CAF9B41C6E4D0400687C38 /* Build configuration list for PBXNativeTarget "04_08" */ = {
			isa = XCConfigurationList;
			buildConfigurations = (
				96CAF9B51C6E4D0400687C38 /* Debug */,
				96CAF9B61C6E4D0400687C38 /* Release */,
			);
			defaultConfigurationIsVisible = 0;
		};
/* End XCConfigurationList section */
	};
	rootObject = 96CAF9A51C6E4D0400687C38 /* Project object */;
}
