// !$*UTF8*$!
{
	archiveVersion = 1;
	classes = {
	};
	objectVersion = 46;
	objects = {

/* Begin PBXBuildFile section */
		96A7DC9A1C49112D00AA78A2 /* main.c in Sources */ = {isa = PBXBuildFile; fileRef = 96A7DC991C49112D00AA78A2 /* main.c */; };
		96A7DCA21C49118F00AA78A2 /* myLibrary.c in Sources */ = {isa = PBXBuildFile; fileRef = 96A7DCA11C49118F00AA78A2 /* myLibrary.c */; };
/* End PBXBuildFile section */

/* Begin PBXCopyFilesBuildPhase section */
		96A7DC941C49112D00AA78A2 /* CopyFiles */ = {
			isa = PBXCopyFilesBuildPhase;
			buildActionMask = 2147483647;
			dstPath = /usr/share/man/man1/;
			dstSubfolderSpec = 0;
			files = (
			);
			runOnlyForDeploymentPostprocessing = 1;
		};
/* End PBXCopyFilesBuildPhase section */

/* Begin PBXFileReference section */
		96A7DC961C49112D00AA78A2 /* 02_01 */ = {isa = PBXFileReference; explicitFileType = "compiled.mach-o.executable"; includeInIndex = 0; path = 02_01; sourceTree = BUILT_PRODUCTS_DIR; };
		96A7DC991C49112D00AA78A2 /* main.c */ = {isa = PBXFileReference; lastKnownFileType = sourcecode.c.c; path = main.c; sourceTree = "<group>"; };
		96A7DCA01C49116700AA78A2 /* myLibrary.h */ = {isa = PBXFileReference; lastKnownFileType = sourcecode.c.h; path = myLibrary.h; sourceTree = "<group>"; };
		96A7DCA11C49118F00AA78A2 /* myLibrary.c */ = {isa = PBXFileReference; fileEncoding = 4; lastKnownFileType = sourcecode.c.c; path = myLibrary.c; sourceTree = "<group>"; };
/* End PBXFileReference section */

/* Begin PBXFrameworksBuildPhase section */
		96A7DC931C49112D00AA78A2 /* Frameworks */ = {
			isa = PBXFrameworksBuildPhase;
			buildActionMask = 2147483647;
			files = (
			);
			runOnlyForDeploymentPostprocessing = 0;
		};
/* End PBXFrameworksBuildPhase section */

/* Begin PBXGroup section */
		96A7DC8D1C49112D00AA78A2 = {
			isa = PBXGroup;
			children = (
				96A7DC981C49112D00AA78A2 /* 02_01 */,
				96A7DC971C49112D00AA78A2 /* Products */,
			);
			sourceTree = "<group>";
		};
		96A7DC971C49112D00AA78A2 /* Products */ = {
			isa = PBXGroup;
			children = (
				96A7DC961C49112D00AA78A2 /* 02_01 */,
			);
			name = Products;
			sourceTree = "<group>";
		};
		96A7DC981C49112D00AA78A2 /* 02_01 */ = {
			isa = PBXGroup;
			children = (
				96A7DC991C49112D00AA78A2 /* main.c */,
				96A7DCA01C49116700AA78A2 /* myLibrary.h */,
				96A7DCA11C49118F00AA78A2 /* myLibrary.c */,
			);
			path = 02_01;
			sourceTree = "<group>";
		};
/* End PBXGroup section */

/* Begin PBXNativeTarget section */
		96A7DC951C49112D00AA78A2 /* 02_01 */ = {
			isa = PBXNativeTarget;
			buildConfigurationList = 96A7DC9D1C49112D00AA78A2 /* Build configuration list for PBXNativeTarget "02_01" */;
			buildPhases = (
				96A7DC921C49112D00AA78A2 /* Sources */,
				96A7DC931C49112D00AA78A2 /* Frameworks */,
				96A7DC941C49112D00AA78A2 /* CopyFiles */,
			);
			buildRules = (
			);
			dependencies = (
			);
			name = 02_01;
			productName = 02_01;
			productReference = 96A7DC961C49112D00AA78A2 /* 02_01 */;
			productType = "com.apple.product-type.tool";
		};
/* End PBXNativeTarget section */

/* Begin PBXProject section */
		96A7DC8E1C49112D00AA78A2 /* Project object */ = {
			isa = PBXProject;
			attributes = {
				LastUpgradeCheck = 0720;
				ORGANIZATIONNAME = "Jim Veneskey";
				TargetAttributes = {
					96A7DC951C49112D00AA78A2 = {
						CreatedOnToolsVersion = 7.2;
					};
				};
			};
			buildConfigurationList = 96A7DC911C49112D00AA78A2 /* Build configuration list for PBXProject "02_01" */;
			compatibilityVersion = "Xcode 3.2";
			developmentRegion = English;
			hasScannedForEncodings = 0;
			knownRegions = (
				en,
			);
			mainGroup = 96A7DC8D1C49112D00AA78A2;
			productRefGroup = 96A7DC971C49112D00AA78A2 /* Products */;
			projectDirPath = "";
			projectRoot = "";
			targets = (
				96A7DC951C49112D00AA78A2 /* 02_01 */,
			);
		};
/* End PBXProject section */

/* Begin PBXSourcesBuildPhase section */
		96A7DC921C49112D00AA78A2 /* Sources */ = {
			isa = PBXSourcesBuildPhase;
			buildActionMask = 2147483647;
			files = (
				96A7DC9A1C49112D00AA78A2 /* main.c in Sources */,
				96A7DCA21C49118F00AA78A2 /* myLibrary.c in Sources */,
			);
			runOnlyForDeploymentPostprocessing = 0;
		};
/* End PBXSourcesBuildPhase section */

/* Begin XCBuildConfiguration section */
		96A7DC9B1C49112D00AA78A2 /* Debug */ = {
			isa = XCBuildConfiguration;
			buildSettings = {
				ALWAYS_SEARCH_USER_PATHS = NO;
				CLANG_CXX_LANGUAGE_STANDARD = "gnu++0x";
				CLANG_CXX_LIBRARY = "libc++";
				CLANG_ENABLE_MODULES = YES;
				CLANG_ENABLE_OBJC_ARC = YES;
				CLANG_WARN_BOOL_CONVERSION = YES;
				CLANG_WARN_CONSTANT_CONVERSION = YES;
				CLANG_WARN_DIRECT_OBJC_ISA_USAGE = YES_ERROR;
				CLANG_WARN_EMPTY_BODY = YES;
				CLANG_WARN_ENUM_CONVERSION = YES;
				CLANG_WARN_INT_CONVERSION = YES;
				CLANG_WARN_OBJC_ROOT_CLASS = YES_ERROR;
				CLANG_WARN_UNREACHABLE_CODE = YES;
				CLANG_WARN__DUPLICATE_METHOD_MATCH = YES;
				CODE_SIGN_IDENTITY = "-";
				COPY_PHASE_STRIP = NO;
				DEBUG_INFORMATION_FORMAT = dwarf;
				ENABLE_STRICT_OBJC_MSGSEND = YES;
				ENABLE_TESTABILITY = YES;
				GCC_C_LANGUAGE_STANDARD = gnu99;
				GCC_DYNAMIC_NO_PIC = NO;
				GCC_NO_COMMON_BLOCKS = YES;
				GCC_OPTIMIZATION_LEVEL = 0;
				GCC_PREPROCESSOR_DEFINITIONS = (
					"DEBUG=1",
					"$(inherited)",
				);
				GCC_WARN_64_TO_32_BIT_CONVERSION = YES;
				GCC_WARN_ABOUT_RETURN_TYPE = YES_ERROR;
				GCC_WARN_UNDECLARED_SELECTOR = YES;
				GCC_WARN_UNINITIALIZED_AUTOS = YES_AGGRESSIVE;
				GCC_WARN_UNUSED_FUNCTION = YES;
				GCC_WARN_UNUSED_VARIABLE = YES;
				MACOSX_DEPLOYMENT_TARGET = 10.11;
				MTL_ENABLE_DEBUG_INFO = YES;
				ONLY_ACTIVE_ARCH = YES;
				SDKROOT = macosx;
			};
			name = Debug;
		};
		96A7DC9C1C49112D00AA78A2 /* Release */ = {
			isa = XCBuildConfiguration;
			buildSettings = {
				ALWAYS_SEARCH_USER_PATHS = NO;
				CLANG_CXX_LANGUAGE_STANDARD = "gnu++0x";
				CLANG_CXX_LIBRARY = "libc++";
				CLANG_ENABLE_MODULES = YES;
				CLANG_ENABLE_OBJC_ARC = YES;
				CLANG_WARN_BOOL_CONVERSION = YES;
				CLANG_WARN_CONSTANT_CONVERSION = YES;
				CLANG_WARN_DIRECT_OBJC_ISA_USAGE = YES_ERROR;
				CLANG_WARN_EMPTY_BODY = YES;
				CLANG_WARN_ENUM_CONVERSION = YES;
				CLANG_WARN_INT_CONVERSION = YES;
				CLANG_WARN_OBJC_ROOT_CLASS = YES_ERROR;
				CLANG_WARN_UNREACHABLE_CODE = YES;
				CLANG_WARN__DUPLICATE_METHOD_MATCH = YES;
				CODE_SIGN_IDENTITY = "-";
				COPY_PHASE_STRIP = NO;
				DEBUG_INFORMATION_FORMAT = "dwarf-with-dsym";
				ENABLE_NS_ASSERTIONS = NO;
				ENABLE_STRICT_OBJC_MSGSEND = YES;
				GCC_C_LANGUAGE_STANDARD = gnu99;
				GCC_NO_COMMON_BLOCKS = YES;
				GCC_WARN_64_TO_32_BIT_CONVERSION = YES;
				GCC_WARN_ABOUT_RETURN_TYPE = YES_ERROR;
				GCC_WARN_UNDECLARED_SELECTOR = YES;
				GCC_WARN_UNINITIALIZED_AUTOS = YES_AGGRESSIVE;
				GCC_WARN_UNUSED_FUNCTION = YES;
				GCC_WARN_UNUSED_VARIABLE = YES;
				MACOSX_DEPLOYMENT_TARGET = 10.11;
				MTL_ENABLE_DEBUG_INFO = NO;
				SDKROOT = macosx;
			};
			name = Release;
		};
		96A7DC9E1C49112D00AA78A2 /* Debug */ = {
			isa = XCBuildConfiguration;
			buildSettings = {
				PRODUCT_NAME = "$(TARGET_NAME)";
			};
			name = Debug;
		};
		96A7DC9F1C49112D00AA78A2 /* Release */ = {
			isa = XCBuildConfiguration;
			buildSettings = {
				PRODUCT_NAME = "$(TARGET_NAME)";
			};
			name = Release;
		};
/* End XCBuildConfiguration section */

/* Begin XCConfigurationList section */
		96A7DC911C49112D00AA78A2 /* Build configuration list for PBXProject "02_01" */ = {
			isa = XCConfigurationList;
			buildConfigurations = (
				96A7DC9B1C49112D00AA78A2 /* Debug */,
				96A7DC9C1C49112D00AA78A2 /* Release */,
			);
			defaultConfigurationIsVisible = 0;
			defaultConfigurationName = Release;
		};
		96A7DC9D1C49112D00AA78A2 /* Build configuration list for PBXNativeTarget "02_01" */ = {
			isa = XCConfigurationList;
			buildConfigurations = (
				96A7DC9E1C49112D00AA78A2 /* Debug */,
				96A7DC9F1C49112D00AA78A2 /* Release */,
			);
			defaultConfigurationIsVisible = 0;
		};
/* End XCConfigurationList section */
	};
	rootObject = 96A7DC8E1C49112D00AA78A2 /* Project object */;
}
